
Microsoft Visual Studio Solution File, Format Version 12.00
# Visual Studio 15
VisualStudioVersion = 15.0.27703.2000
MinimumVisualStudioVersion = 10.0.40219.1
Project("{FAE04EC0-301F-11D3-BF4B-00C04F79EFBC}") = "Lethargic.BoardGames.Model", "Lethargic.BoardGames.Model\Lethargic.BoardGames.Model.csproj", "{1A1B0941-CA72-49D6-8517-5DE3DB2EBEC8}"
EndProject
Project("{FAE04EC0-301F-11D3-BF4B-00C04F79EFBC}") = "Lethargic.BoardGames.View", "Lethargic.BoardGames.View\Lethargic.BoardGames.View.csproj", "{D317D836-F7C1-4CA0-B3EE-EFF5B5644F94}"
EndProject
Project("{FAE04EC0-301F-11D3-BF4B-00C04F79EFBC}") = "Lethargic.BoardGames.ConsoleApp", "Lethargic.BoardGames.ConsoleApp\Lethargic.BoardGames.ConsoleApp.csproj", "{8836FC7D-B860-41D0-9EBA-05D67B1C07F3}"
EndProject
Global
	GlobalSection(SolutionConfigurationPlatforms) = preSolution
		Debug|Any CPU = Debug|Any CPU
		Release|Any CPU = Release|Any CPU
	EndGlobalSection
	GlobalSection(ProjectConfigurationPlatforms) = postSolution
		{1A1B0941-CA72-49D6-8517-5DE3DB2EBEC8}.Debug|Any CPU.ActiveCfg = Debug|Any CPU
		{1A1B0941-CA72-49D6-8517-5DE3DB2EBEC8}.Debug|Any CPU.Build.0 = Debug|Any CPU
		{1A1B0941-CA72-49D6-8517-5DE3DB2EBEC8}.Release|Any CPU.ActiveCfg = Release|Any CPU
		{1A1B0941-CA72-49D6-8517-5DE3DB2EBEC8}.Release|Any CPU.Build.0 = Release|Any CPU
		{D317D836-F7C1-4CA0-B3EE-EFF5B5644F94}.Debug|Any CPU.ActiveCfg = Debug|Any CPU
		{D317D836-F7C1-4CA0-B3EE-EFF5B5644F94}.Debug|Any CPU.Build.0 = Debug|Any CPU
		{D317D836-F7C1-4CA0-B3EE-EFF5B5644F94}.Release|Any CPU.ActiveCfg = Release|Any CPU
		{D317D836-F7C1-4CA0-B3EE-EFF5B5644F94}.Release|Any CPU.Build.0 = Release|Any CPU
		{8836FC7D-B860-41D0-9EBA-05D67B1C07F3}.Debug|Any CPU.ActiveCfg = Debug|Any CPU
		{8836FC7D-B860-41D0-9EBA-05D67B1C07F3}.Debug|Any CPU.Build.0 = Debug|Any CPU
		{8836FC7D-B860-41D0-9EBA-05D67B1C07F3}.Release|Any CPU.ActiveCfg = Release|Any CPU
		{8836FC7D-B860-41D0-9EBA-05D67B1C07F3}.Release|Any CPU.Build.0 = Release|Any CPU
	EndGlobalSection
	GlobalSection(SolutionProperties) = preSolution
		HideSolutionNode = FALSE
	EndGlobalSection
	GlobalSection(ExtensibilityGlobals) = postSolution
		SolutionGuid = {BDD55CF9-AE7E-47F2-9E6A-84713B14AEC7}
	EndGlobalSection
EndGlobal
